# This file is automatically @generated by Poetry 1.8.3 and should not be changed by hand.

[[package]]
name = "python-proj-1-test"
version = "0.1.0"
description = "test project 1"
optional = false
python-versions = "3.11.3"
files = []
develop = false

[package.source]
type = "git"
url = "https://github.com/KennethMan97/python-proj-1-test.git"
reference = "HEAD"
resolved_reference = "4fe5eb2402b4bfbf75c86d7a979abe00666d6e26"

[metadata]
lock-version = "2.0"
python-versions = "3.11.3"
content-hash = "cd26c904e71fcce56f341ca1940ae6d93270e9a87729f5b36a1e15de4698f0ad"
